
Microsoft Visual Studio Solution File, Format Version 12.00
# Visual Studio Version 17
VisualStudioVersion = 17.8.34330.188
MinimumVisualStudioVersion = 10.0.40219.1
Project("{8BC9CEB8-8B4A-11D0-8D11-00A0C91BC942}") = "Server_TCP", "Server_TCP.vcxproj", "{C696B439-4770-43F9-B111-8EBC8159E441}"
EndProject
Project("{8BC9CEB8-8B4A-11D0-8D11-00A0C91BC942}") = "Client", "..\Client\Client.vcxproj", "{D684B535-03EC-48F7-8D0A-08ADCD075707}"
EndProject
Global
	GlobalSection(SolutionConfigurationPlatforms) = preSolution
		Debug|x64 = Debug|x64
		Debug|x86 = Debug|x86
		Release|x64 = Release|x64
		Release|x86 = Release|x86
	EndGlobalSection
	GlobalSection(ProjectConfigurationPlatforms) = postSolution
		{C696B439-4770-43F9-B111-8EBC8159E441}.Debug|x64.ActiveCfg = Debug|x64
		{C696B439-4770-43F9-B111-8EBC8159E441}.Debug|x64.Build.0 = Debug|x64
		{C696B439-4770-43F9-B111-8EBC8159E441}.Debug|x86.ActiveCfg = Debug|Win32
		{C696B439-4770-43F9-B111-8EBC8159E441}.Debug|x86.Build.0 = Debug|Win32
		{C696B439-4770-43F9-B111-8EBC8159E441}.Release|x64.ActiveCfg = Release|x64
		{C696B439-4770-43F9-B111-8EBC8159E441}.Release|x64.Build.0 = Release|x64
		{C696B439-4770-43F9-B111-8EBC8159E441}.Release|x86.ActiveCfg = Release|Win32
		{C696B439-4770-43F9-B111-8EBC8159E441}.Release|x86.Build.0 = Release|Win32
		{D684B535-03EC-48F7-8D0A-08ADCD075707}.Debug|x64.ActiveCfg = Debug|x64
		{D684B535-03EC-48F7-8D0A-08ADCD075707}.Debug|x64.Build.0 = Debug|x64
		{D684B535-03EC-48F7-8D0A-08ADCD075707}.Debug|x86.ActiveCfg = Debug|Win32
		{D684B535-03EC-48F7-8D0A-08ADCD075707}.Debug|x86.Build.0 = Debug|Win32
		{D684B535-03EC-48F7-8D0A-08ADCD075707}.Release|x64.ActiveCfg = Release|x64
		{D684B535-03EC-48F7-8D0A-08ADCD075707}.Release|x64.Build.0 = Release|x64
		{D684B535-03EC-48F7-8D0A-08ADCD075707}.Release|x86.ActiveCfg = Release|Win32
		{D684B535-03EC-48F7-8D0A-08ADCD075707}.Release|x86.Build.0 = Release|Win32
	EndGlobalSection
	GlobalSection(SolutionProperties) = preSolution
		HideSolutionNode = FALSE
	EndGlobalSection
	GlobalSection(ExtensibilityGlobals) = postSolution
		SolutionGuid = {761DA78C-233B-4F87-9273-96416723D2B6}
	EndGlobalSection
EndGlobal
